
Microsoft Visual Studio Solution File, Format Version 12.00
# Visual Studio Version 17
VisualStudioVersion = 17.8.34322.80
MinimumVisualStudioVersion = 10.0.40219.1
Project("{9A19103F-16F7-4668-BE54-9A1E7A4F7556}") = "Pg.LetsExercise.Plugins", "Plugins\Pg.LetsExercise.Plugins.csproj", "{39155A9F-F3B3-40F1-9195-1C30F6223DB0}"
EndProject
Project("{FAE04EC0-301F-11D3-BF4B-00C04F79EFBC}") = "Pg.LetsExercise.Plugins.Tests", "Pg.LetsExercise.Plugins.Tests\Pg.LetsExercise.Plugins.Tests.csproj", "{F246DAD4-9437-427C-922B-0FF76D41BD9D}"
EndProject
Global
	GlobalSection(SolutionConfigurationPlatforms) = preSolution
		Debug|Any CPU = Debug|Any CPU
		Release|Any CPU = Release|Any CPU
	EndGlobalSection
	GlobalSection(ProjectConfigurationPlatforms) = postSolution
		{39155A9F-F3B3-40F1-9195-1C30F6223DB0}.Debug|Any CPU.ActiveCfg = Debug|Any CPU
		{39155A9F-F3B3-40F1-9195-1C30F6223DB0}.Debug|Any CPU.Build.0 = Debug|Any CPU
		{39155A9F-F3B3-40F1-9195-1C30F6223DB0}.Release|Any CPU.ActiveCfg = Release|Any CPU
		{39155A9F-F3B3-40F1-9195-1C30F6223DB0}.Release|Any CPU.Build.0 = Release|Any CPU
		{F246DAD4-9437-427C-922B-0FF76D41BD9D}.Debug|Any CPU.ActiveCfg = Debug|Any CPU
		{F246DAD4-9437-427C-922B-0FF76D41BD9D}.Debug|Any CPU.Build.0 = Debug|Any CPU
		{F246DAD4-9437-427C-922B-0FF76D41BD9D}.Release|Any CPU.ActiveCfg = Release|Any CPU
		{F246DAD4-9437-427C-922B-0FF76D41BD9D}.Release|Any CPU.Build.0 = Release|Any CPU
	EndGlobalSection
	GlobalSection(SolutionProperties) = preSolution
		HideSolutionNode = FALSE
	EndGlobalSection
	GlobalSection(ExtensibilityGlobals) = postSolution
		SolutionGuid = {C09A6B4D-2752-4A71-BCB1-BB90853F782B}
	EndGlobalSection
EndGlobal
